
Microsoft Visual Studio Solution File, Format Version 12.00
# Visual Studio Version 17
VisualStudioVersion = 17.4.33213.308
MinimumVisualStudioVersion = 10.0.40219.1
Project("{FAE04EC0-301F-11D3-BF4B-00C04F79EFBC}") = "PodgotovkaDEMOExam", "PodgotovkaDEMOExam\PodgotovkaDEMOExam.csproj", "{050F6D11-5661-4B27-8104-271C340EED70}"
EndProject
Global
	GlobalSection(SolutionConfigurationPlatforms) = preSolution
		Debug|Any CPU = Debug|Any CPU
		Release|Any CPU = Release|Any CPU
	EndGlobalSection
	GlobalSection(ProjectConfigurationPlatforms) = postSolution
		{050F6D11-5661-4B27-8104-271C340EED70}.Debug|Any CPU.ActiveCfg = Debug|Any CPU
		{050F6D11-5661-4B27-8104-271C340EED70}.Debug|Any CPU.Build.0 = Debug|Any CPU
		{050F6D11-5661-4B27-8104-271C340EED70}.Release|Any CPU.ActiveCfg = Release|Any CPU
		{050F6D11-5661-4B27-8104-271C340EED70}.Release|Any CPU.Build.0 = Release|Any CPU
	EndGlobalSection
	GlobalSection(SolutionProperties) = preSolution
		HideSolutionNode = FALSE
	EndGlobalSection
	GlobalSection(ExtensibilityGlobals) = postSolution
		SolutionGuid = {7E7269C9-7BF3-405E-A221-06E4AA0CBFA2}
	EndGlobalSection
EndGlobal
